
Microsoft Visual Studio Solution File, Format Version 11.00
# Visual Studio 2010
Project("{FAE04EC0-301F-11D3-BF4B-00C04F79EFBC}") = "Assembly-CSharp", "Assembly-CSharp.csproj", "{56CD10C1-3C0B-2B2F-D82B-8FC5C252AFDD}"
EndProject
Global
	GlobalSection(SolutionConfigurationPlatforms) = preSolution
		Debug|Any CPU = Debug|Any CPU
		Release|Any CPU = Release|Any CPU
	EndGlobalSection
	GlobalSection(ProjectConfigurationPlatforms) = postSolution
		{56CD10C1-3C0B-2B2F-D82B-8FC5C252AFDD}.Debug|Any CPU.ActiveCfg = Debug|Any CPU
		{56CD10C1-3C0B-2B2F-D82B-8FC5C252AFDD}.Debug|Any CPU.Build.0 = Debug|Any CPU
		{56CD10C1-3C0B-2B2F-D82B-8FC5C252AFDD}.Release|Any CPU.ActiveCfg = Release|Any CPU
		{56CD10C1-3C0B-2B2F-D82B-8FC5C252AFDD}.Release|Any CPU.Build.0 = Release|Any CPU
	EndGlobalSection
	GlobalSection(SolutionProperties) = preSolution
		HideSolutionNode = FALSE
	EndGlobalSection
EndGlobal
